<?xml version="1.0" encoding="utf-8"?>
<Project ToolsVersion="4.0" xmlns="http://schemas.microsoft.com/developer/msbuild/2003">
  <ItemGroup>
    <ClCompile Include="Buildings.cpp">
      <Filter>Entity</Filter>
    </ClCompile>
    <ClCompile Include="Entity.cpp">
      <Filter>Entity</Filter>
    </ClCompile>
    <ClCompile Include="GetEntitiesInfo.cpp">
      <Filter>Entity\Get</Filter>
    </ClCompile>
    <ClCompile Include="Intro.cpp">
      <Filter>Scenes</Filter>
    </ClCompile>
    <ClCompile Include="j1Achievements.cpp">
      <Filter>Modules</Filter>
    </ClCompile>
    <ClCompile Include="j1Animation.cpp">
      <Filter>Modules</Filter>
    </ClCompile>
    <ClCompile Include="j1Audio.cpp">
      <Filter>Modules</Filter>
    </ClCompile>
    <ClCompile Include="j1Collision.cpp">
      <Filter>Modules</Filter>
    </ClCompile>
    <ClCompile Include="j1Console.cpp">
      <Filter>Modules</Filter>
    </ClCompile>
    <ClCompile Include="j1EntityManager.cpp">
      <Filter>Modules</Filter>
    </ClCompile>
    <ClCompile Include="j1FileSystem.cpp">
      <Filter>Modules</Filter>
    </ClCompile>
    <ClCompile Include="j1Fonts.cpp">
      <Filter>Modules</Filter>
    </ClCompile>
    <ClCompile Include="j1Input.cpp">
      <Filter>Modules</Filter>
    </ClCompile>
    <ClCompile Include="j1Investigations.cpp">
      <Filter>Modules</Filter>
    </ClCompile>
    <ClCompile Include="j1Map.cpp">
      <Filter>Modules</Filter>
    </ClCompile>
    <ClCompile Include="j1Pathfinding.cpp">
      <Filter>Modules</Filter>
    </ClCompile>
    <ClCompile Include="j1Render.cpp">
      <Filter>Modules</Filter>
    </ClCompile>
    <ClCompile Include="j1SceneManager.cpp">
      <Filter>Modules</Filter>
    </ClCompile>
    <ClCompile Include="j1Score.cpp">
      <Filter>Modules</Filter>
    </ClCompile>
    <ClCompile Include="j1Textures.cpp">
      <Filter>Modules</Filter>
    </ClCompile>
    <ClCompile Include="j1UIManager.cpp">
      <Filter>Modules</Filter>
    </ClCompile>
    <ClCompile Include="j1Video.cpp">
      <Filter>Modules</Filter>
    </ClCompile>
    <ClCompile Include="j1WaveManager.cpp">
      <Filter>Modules</Filter>
    </ClCompile>
    <ClCompile Include="j1Window.cpp">
      <Filter>Modules</Filter>
    </ClCompile>
    <ClCompile Include="j1MainMenu.cpp">
      <Filter>Scenes</Filter>
    </ClCompile>
    <ClCompile Include="j1ScoreScene.cpp">
      <Filter>Scenes</Filter>
    </ClCompile>
    <ClCompile Include="j1Scene.cpp">
      <Filter>Scenes</Filter>
    </ClCompile>
    <ClCompile Include="ProjectileManager.cpp">
      <Filter>Modules</Filter>
    </ClCompile>
    <ClCompile Include="Projectile.cpp">
      <Filter>Entity</Filter>
    </ClCompile>
    <ClCompile Include="IsoPrimitives.cpp">
      <Filter>Useful</Filter>
    </ClCompile>
    <ClCompile Include="Camera.cpp">
      <Filter>Useful</Filter>
    </ClCompile>
    <ClCompile Include="j1Timer.cpp">
      <Filter>Useful</Filter>
    </ClCompile>
    <ClCompile Include="j1PerfTimer.cpp">
      <Filter>Useful</Filter>
    </ClCompile>
    <ClCompile Include="j1Tutorial.cpp">
      <Filter>Scenes</Filter>
    </ClCompile>
    <ClCompile Include="p2Log.cpp">
      <Filter>Useful</Filter>
    </ClCompile>
    <ClCompile Include="Units.cpp">
      <Filter>Entity</Filter>
    </ClCompile>
    <ClCompile Include="j1App.cpp">
      <Filter>Main</Filter>
    </ClCompile>
    <ClCompile Include="j1Main.cpp">
      <Filter>Main</Filter>
    </ClCompile>
    <ClCompile Include="QuadTree.cpp">
      <Filter>Useful</Filter>
    </ClCompile>
    <ClCompile Include="PugiXml\src\pugixml.cpp">
      <Filter>Useful\PugiXML</Filter>
    </ClCompile>
    <ClCompile Include="Resources.cpp">
      <Filter>Entity</Filter>
    </ClCompile>
    <ClCompile Include="ResourceManager.cpp">
      <Filter>Modules</Filter>
    </ClCompile>
    <ClCompile Include="Task.cpp">
      <Filter>Useful</Filter>
    </ClCompile>
    <ClCompile Include="Towers.cpp">
      <Filter>Entity</Filter>
    </ClCompile>
    <ClCompile Include="theoraplay.c">
      <Filter>Useful\theoraplay</Filter>
    </ClCompile>
    <ClCompile Include="UIComponents.cpp">
      <Filter>UIComponents</Filter>
    </ClCompile>
    <ClCompile Include="UIButton.cpp">
      <Filter>UIComponents\Basic</Filter>
    </ClCompile>
    <ClCompile Include="UICheckbutton.cpp">
      <Filter>UIComponents\Basic</Filter>
    </ClCompile>
    <ClCompile Include="UISelectOption.cpp">
      <Filter>UIComponents\Basic</Filter>
    </ClCompile>
    <ClCompile Include="UILabel.cpp">
      <Filter>UIComponents\Basic</Filter>
    </ClCompile>
    <ClCompile Include="UIHUDDescription.cpp">
      <Filter>UIComponents\HUD</Filter>
    </ClCompile>
    <ClCompile Include="UIHUDMenuInGame.cpp">
      <Filter>UIComponents\HUD</Filter>
    </ClCompile>
    <ClCompile Include="UIHUDMinimap.cpp">
      <Filter>UIComponents\HUD</Filter>
    </ClCompile>
    <ClCompile Include="UIHUDPanelButtons.cpp">
      <Filter>UIComponents\HUD</Filter>
    </ClCompile>
    <ClCompile Include="UIHUDPanelInfo.cpp">
      <Filter>UIComponents\HUD</Filter>
    </ClCompile>
    <ClCompile Include="UIHUDResources.cpp">
      <Filter>UIComponents\HUD</Filter>
    </ClCompile>
    <ClCompile Include="UIHUDScoreBar.cpp">
      <Filter>UIComponents\HUD</Filter>
    </ClCompile>
    <ClCompile Include="UIHUDTownHallBarLife.cpp">
      <Filter>UIComponents\HUD</Filter>
    </ClCompile>
    <ClCompile Include="PanelInfoGroupSelection.cpp">
      <Filter>UIComponents\HUD\PanelInfo</Filter>
    </ClCompile>
    <ClCompile Include="PanelInfoOneSelection.cpp">
      <Filter>UIComponents\HUD\PanelInfo</Filter>
    </ClCompile>
  </ItemGroup>
  <ItemGroup>
    <ClInclude Include="Buildings.h">
      <Filter>Entity</Filter>
    </ClInclude>
    <ClInclude Include="Entity.h">
      <Filter>Entity</Filter>
    </ClInclude>
    <ClInclude Include="Intro.h">
      <Filter>Scenes</Filter>
    </ClInclude>
    <ClInclude Include="j1Achievements.h">
      <Filter>Modules</Filter>
    </ClInclude>
    <ClInclude Include="j1Animation.h">
      <Filter>Modules</Filter>
    </ClInclude>
    <ClInclude Include="j1Audio.h">
      <Filter>Modules</Filter>
    </ClInclude>
    <ClInclude Include="j1Collision.h">
      <Filter>Modules</Filter>
    </ClInclude>
    <ClInclude Include="j1Console.h">
      <Filter>Modules</Filter>
    </ClInclude>
    <ClInclude Include="j1EntityManager.h">
      <Filter>Modules</Filter>
    </ClInclude>
    <ClInclude Include="j1FileSystem.h">
      <Filter>Modules</Filter>
    </ClInclude>
    <ClInclude Include="j1Fonts.h">
      <Filter>Modules</Filter>
    </ClInclude>
    <ClInclude Include="j1Input.h">
      <Filter>Modules</Filter>
    </ClInclude>
    <ClInclude Include="j1Investigations.h">
      <Filter>Modules</Filter>
    </ClInclude>
    <ClInclude Include="j1Map.h">
      <Filter>Modules</Filter>
    </ClInclude>
    <ClInclude Include="j1Pathfinding.h">
      <Filter>Modules</Filter>
    </ClInclude>
    <ClInclude Include="j1Render.h">
      <Filter>Modules</Filter>
    </ClInclude>
    <ClInclude Include="j1SceneManager.h">
      <Filter>Modules</Filter>
    </ClInclude>
    <ClInclude Include="j1Score.h">
      <Filter>Modules</Filter>
    </ClInclude>
    <ClInclude Include="j1Textures.h">
      <Filter>Modules</Filter>
    </ClInclude>
    <ClInclude Include="j1UIManager.h">
      <Filter>Modules</Filter>
    </ClInclude>
    <ClInclude Include="j1Video.h">
      <Filter>Modules</Filter>
    </ClInclude>
    <ClInclude Include="j1WaveManager.h">
      <Filter>Modules</Filter>
    </ClInclude>
    <ClInclude Include="j1Window.h">
      <Filter>Modules</Filter>
    </ClInclude>
    <ClInclude Include="j1MainMenu.h">
      <Filter>Scenes</Filter>
    </ClInclude>
    <ClInclude Include="j1ScoreScene.h">
      <Filter>Scenes</Filter>
    </ClInclude>
    <ClInclude Include="j1Scene.h">
      <Filter>Scenes</Filter>
    </ClInclude>
    <ClInclude Include="ProjectileManager.h">
      <Filter>Modules</Filter>
    </ClInclude>
    <ClInclude Include="Projectile.h">
      <Filter>Entity</Filter>
    </ClInclude>
    <ClInclude Include="Camera.h">
      <Filter>Useful</Filter>
    </ClInclude>
    <ClInclude Include="IsoPrimitives.h">
      <Filter>Useful</Filter>
    </ClInclude>
    <ClInclude Include="j1Timer.h">
      <Filter>Useful</Filter>
    </ClInclude>
    <ClInclude Include="j1PerfTimer.h">
      <Filter>Useful</Filter>
    </ClInclude>
    <ClInclude Include="j1Tutorial.h">
      <Filter>Scenes</Filter>
    </ClInclude>
    <ClInclude Include="p2Defs.h">
      <Filter>Useful</Filter>
    </ClInclude>
    <ClInclude Include="p2Log.h">
      <Filter>Useful</Filter>
    </ClInclude>
    <ClInclude Include="p2Point.h">
      <Filter>Useful</Filter>
    </ClInclude>
    <ClInclude Include="Units.h">
      <Filter>Entity</Filter>
    </ClInclude>
    <ClInclude Include="j1Module.h">
      <Filter>Main</Filter>
    </ClInclude>
    <ClInclude Include="j1App.h">
      <Filter>Main</Filter>
    </ClInclude>
    <ClInclude Include="QuadTree.h">
      <Filter>Useful</Filter>
    </ClInclude>
    <ClInclude Include="PugiXml\src\pugixml.hpp">
      <Filter>Useful\PugiXML</Filter>
    </ClInclude>
    <ClInclude Include="PugiXml\src\pugiconfig.hpp">
      <Filter>Useful\PugiXML</Filter>
    </ClInclude>
    <ClInclude Include="Resources.h">
      <Filter>Entity</Filter>
    </ClInclude>
    <ClInclude Include="ResourceManager.h">
      <Filter>Modules</Filter>
    </ClInclude>
    <ClInclude Include="Task.h">
      <Filter>Useful</Filter>
    </ClInclude>
    <ClInclude Include="Towers.h">
      <Filter>Entity</Filter>
    </ClInclude>
    <ClInclude Include="theoraplay.h">
      <Filter>Useful\theoraplay</Filter>
    </ClInclude>
    <ClInclude Include="UIGetEntitiesInfo.h">
      <Filter>Entity\Get</Filter>
    </ClInclude>
    <ClInclude Include="UIComponents.h">
      <Filter>UIComponents</Filter>
    </ClInclude>
    <ClInclude Include="UIButton.h">
      <Filter>UIComponents\Basic</Filter>
    </ClInclude>
    <ClInclude Include="UICheckbutton.h">
      <Filter>UIComponents\Basic</Filter>
    </ClInclude>
    <ClInclude Include="UISelectOption.h">
      <Filter>UIComponents\Basic</Filter>
    </ClInclude>
    <ClInclude Include="UILabel.h">
      <Filter>UIComponents\Basic</Filter>
    </ClInclude>
    <ClInclude Include="UIHUDDescription.h">
      <Filter>UIComponents\HUD</Filter>
    </ClInclude>
    <ClInclude Include="UIHUDMenuInGame.h">
      <Filter>UIComponents\HUD</Filter>
    </ClInclude>
    <ClInclude Include="UIHUDMinimap.h">
      <Filter>UIComponents\HUD</Filter>
    </ClInclude>
    <ClInclude Include="UIHUDPanelButtons.h">
      <Filter>UIComponents\HUD</Filter>
    </ClInclude>
    <ClInclude Include="UIHUDPanelInfo.h">
      <Filter>UIComponents\HUD</Filter>
    </ClInclude>
    <ClInclude Include="UIHUDResources.h">
      <Filter>UIComponents\HUD</Filter>
    </ClInclude>
    <ClInclude Include="UIHUDScoreBar.h">
      <Filter>UIComponents\HUD</Filter>
    </ClInclude>
    <ClInclude Include="UIHUDTownHallBarLife.h">
      <Filter>UIComponents\HUD</Filter>
    </ClInclude>
    <ClInclude Include="PanelInfoBasicStructure.h">
      <Filter>UIComponents\HUD\PanelInfo</Filter>
    </ClInclude>
    <ClInclude Include="PanelInfoGroupSelection.h">
      <Filter>UIComponents\HUD\PanelInfo</Filter>
    </ClInclude>
    <ClInclude Include="PanelInfoOneSelection.h">
      <Filter>UIComponents\HUD\PanelInfo</Filter>
    </ClInclude>
  </ItemGroup>
  <ItemGroup>
    <Filter Include="Modules">
      <UniqueIdentifier>{4c4de3d4-bf30-4f89-a97b-0f4d23bcd89a}</UniqueIdentifier>
    </Filter>
    <Filter Include="Entity">
      <UniqueIdentifier>{a11610b8-48d1-45f5-b19e-004da5a0b7f5}</UniqueIdentifier>
    </Filter>
    <Filter Include="Entity\Get">
      <UniqueIdentifier>{95c04ccd-6ada-4787-92c4-ac3a3aa92e96}</UniqueIdentifier>
    </Filter>
    <Filter Include="Scenes">
      <UniqueIdentifier>{b7922134-b362-4a01-aa77-e45ca589cb65}</UniqueIdentifier>
    </Filter>
    <Filter Include="Useful">
      <UniqueIdentifier>{70225711-4b69-424c-9a6a-fd1dc63eb983}</UniqueIdentifier>
    </Filter>
    <Filter Include="Main">
      <UniqueIdentifier>{38873fb5-804a-4b7d-8a9f-9ea278bc7e44}</UniqueIdentifier>
    </Filter>
    <Filter Include="Useful\PugiXML">
      <UniqueIdentifier>{2c11d8c6-216a-4713-ba8e-46c6f535bd62}</UniqueIdentifier>
    </Filter>
    <Filter Include="Useful\theoraplay">
      <UniqueIdentifier>{6cee6657-2aed-4f7f-86b8-7e8bae8eebdc}</UniqueIdentifier>
    </Filter>
    <Filter Include="UIComponents">
      <UniqueIdentifier>{108f72d3-5fa3-40b7-8e9e-6743b41eca47}</UniqueIdentifier>
    </Filter>
    <Filter Include="UIComponents\Basic">
      <UniqueIdentifier>{48c193af-092c-4001-821e-66b8f4508657}</UniqueIdentifier>
    </Filter>
    <Filter Include="UIComponents\HUD">
      <UniqueIdentifier>{2802048d-b301-4bdb-91b2-50ce5c1a583f}</UniqueIdentifier>
    </Filter>
    <Filter Include="UIComponents\HUD\PanelInfo">
      <UniqueIdentifier>{d336046b-e54d-4c78-8c49-771d7ed3dffa}</UniqueIdentifier>
    </Filter>
  </ItemGroup>
</Project>