<?xml version="1.0" encoding="utf-8"?>
<Project ToolsVersion="4.0" xmlns="http://schemas.microsoft.com/developer/msbuild/2003">
  <ItemGroup>
    <Filter Include="Containers">
      <UniqueIdentifier>{bee49c3c-1cb7-4d92-9e24-f548157cae3d}</UniqueIdentifier>
    </Filter>
    <Filter Include="Modules">
      <UniqueIdentifier>{bc1af8ee-92b3-464b-8f92-46f4c59d6f99}</UniqueIdentifier>
    </Filter>
    <Filter Include="Main">
      <UniqueIdentifier>{78bfdc7d-a2b6-4026-b6a8-121f60b0c53f}</UniqueIdentifier>
    </Filter>
    <Filter Include="Tools">
      <UniqueIdentifier>{b9dcbfdd-6798-4c27-bdb0-f0dc2851e95a}</UniqueIdentifier>
    </Filter>
    <Filter Include="Tools\PuguiXML">
      <UniqueIdentifier>{0b23c068-3614-4092-a059-be3053388379}</UniqueIdentifier>
    </Filter>
    <Filter Include="Scene">
      <UniqueIdentifier>{b4e4a4f0-ca07-4261-a283-3ed48f7e46fd}</UniqueIdentifier>
    </Filter>
  </ItemGroup>
  <ItemGroup>
    <ClCompile Include="d1App.cpp">
      <Filter>Main</Filter>
    </ClCompile>
    <ClCompile Include="d1Main.cpp">
      <Filter>Main</Filter>
    </ClCompile>
    <ClCompile Include="c2Log.cpp">
      <Filter>Containers</Filter>
    </ClCompile>
    <ClCompile Include="PugiXml\src\pugixml.cpp">
      <Filter>Tools\PuguiXML</Filter>
    </ClCompile>
    <ClCompile Include="d1FileSystem.cpp">
      <Filter>Modules</Filter>
    </ClCompile>
    <ClCompile Include="d1Input.cpp">
      <Filter>Modules</Filter>
    </ClCompile>
    <ClCompile Include="d1Window.cpp">
      <Filter>Modules</Filter>
    </ClCompile>
    <ClCompile Include="d1Scene.cpp">
      <Filter>Scene</Filter>
    </ClCompile>
    <ClCompile Include="d1Render.cpp">
      <Filter>Modules</Filter>
    </ClCompile>
    <ClCompile Include="d1Textures.cpp">
      <Filter>Modules</Filter>
    </ClCompile>
    <ClCompile Include="d1Audio.cpp">
      <Filter>Modules</Filter>
    </ClCompile>
    <ClCompile Include="d1Map.cpp">
      <Filter>Modules</Filter>
    </ClCompile>
    <ClCompile Include="d1Pathfinding.cpp">
      <Filter>Modules</Filter>
    </ClCompile>
    <ClCompile Include="d1Fonts.cpp">
      <Filter>Modules</Filter>
    </ClCompile>
    <ClCompile Include="d1PerfTimer.cpp">
      <Filter>Tools</Filter>
    </ClCompile>
    <ClCompile Include="d1Timer.cpp">
      <Filter>Tools</Filter>
    </ClCompile>
  </ItemGroup>
  <ItemGroup>
    <ClInclude Include="d1App.h">
      <Filter>Main</Filter>
    </ClInclude>
    <ClInclude Include="d1Module.h">
      <Filter>Main</Filter>
    </ClInclude>
    <ClInclude Include="c2Defs.h">
      <Filter>Containers</Filter>
    </ClInclude>
    <ClInclude Include="c2DynArray.h">
      <Filter>Containers</Filter>
    </ClInclude>
    <ClInclude Include="c2List.h">
      <Filter>Containers</Filter>
    </ClInclude>
    <ClInclude Include="c2Log.h">
      <Filter>Containers</Filter>
    </ClInclude>
    <ClInclude Include="c2Point.h">
      <Filter>Containers</Filter>
    </ClInclude>
    <ClInclude Include="c2SString.h">
      <Filter>Containers</Filter>
    </ClInclude>
    <ClInclude Include="PugiXml\src\pugiconfig.hpp">
      <Filter>Tools\PuguiXML</Filter>
    </ClInclude>
    <ClInclude Include="PugiXml\src\pugixml.hpp">
      <Filter>Tools\PuguiXML</Filter>
    </ClInclude>
    <ClInclude Include="d1FileSystem.h">
      <Filter>Modules</Filter>
    </ClInclude>
    <ClInclude Include="d1Input.h">
      <Filter>Modules</Filter>
    </ClInclude>
    <ClInclude Include="d1Window.h">
      <Filter>Modules</Filter>
    </ClInclude>
    <ClInclude Include="d1Scene.h">
      <Filter>Scene</Filter>
    </ClInclude>
    <ClInclude Include="d1Render.h">
      <Filter>Modules</Filter>
    </ClInclude>
    <ClInclude Include="d1Textures.h">
      <Filter>Modules</Filter>
    </ClInclude>
    <ClInclude Include="d1Audio.h">
      <Filter>Modules</Filter>
    </ClInclude>
    <ClInclude Include="d1Map.h">
      <Filter>Modules</Filter>
    </ClInclude>
    <ClInclude Include="d1Pathfinding.h">
      <Filter>Modules</Filter>
    </ClInclude>
    <ClInclude Include="d1Fonts.h">
      <Filter>Modules</Filter>
    </ClInclude>
    <ClInclude Include="d1PerfTimer.h">
      <Filter>Tools</Filter>
    </ClInclude>
    <ClInclude Include="d1Timer.h">
      <Filter>Tools</Filter>
    </ClInclude>
  </ItemGroup>
</Project>